
Microsoft Visual Studio Solution File, Format Version 12.00
# Visual Studio 15
VisualStudioVersion = 15.0.28307.902
MinimumVisualStudioVersion = 10.0.40219.1
Project("{2150E333-8FDC-42A3-9474-1A3956D46DE8}") = "Dollmart.Database", "Dollmart.Database", "{F18F0062-EBBC-41BC-BC4B-0C1FD7E186A6}"
EndProject
Project("{00D1A9C2-B5F0-4AF3-8072-F6C62B433612}") = "Dollmart.Source.Database", "Dollmart.Source.Database\Dollmart.Source.Database.sqlproj", "{1B58E491-A86D-4E38-A32F-EFBABD768BA6}"
EndProject
Project("{2150E333-8FDC-42A3-9474-1A3956D46DE8}") = "Docs", "Docs", "{54FE8F6B-BEB2-46F4-AE77-8D8A63C30036}"
	ProjectSection(SolutionItems) = preProject
		Docs\source-to-target-mapping.xlsx = Docs\source-to-target-mapping.xlsx
	EndProjectSection
EndProject
Global
	GlobalSection(SolutionConfigurationPlatforms) = preSolution
		Debug|Any CPU = Debug|Any CPU
		Release|Any CPU = Release|Any CPU
	EndGlobalSection
	GlobalSection(ProjectConfigurationPlatforms) = postSolution
		{1B58E491-A86D-4E38-A32F-EFBABD768BA6}.Debug|Any CPU.ActiveCfg = Debug|Any CPU
		{1B58E491-A86D-4E38-A32F-EFBABD768BA6}.Debug|Any CPU.Build.0 = Debug|Any CPU
		{1B58E491-A86D-4E38-A32F-EFBABD768BA6}.Debug|Any CPU.Deploy.0 = Debug|Any CPU
		{1B58E491-A86D-4E38-A32F-EFBABD768BA6}.Release|Any CPU.ActiveCfg = Release|Any CPU
		{1B58E491-A86D-4E38-A32F-EFBABD768BA6}.Release|Any CPU.Build.0 = Release|Any CPU
		{1B58E491-A86D-4E38-A32F-EFBABD768BA6}.Release|Any CPU.Deploy.0 = Release|Any CPU
	EndGlobalSection
	GlobalSection(SolutionProperties) = preSolution
		HideSolutionNode = FALSE
	EndGlobalSection
	GlobalSection(NestedProjects) = preSolution
		{1B58E491-A86D-4E38-A32F-EFBABD768BA6} = {F18F0062-EBBC-41BC-BC4B-0C1FD7E186A6}
	EndGlobalSection
	GlobalSection(ExtensibilityGlobals) = postSolution
		SolutionGuid = {CA1A9BE2-D7B2-4E45-BD5E-ACDE6C40A1BA}
	EndGlobalSection
EndGlobal
