
Microsoft Visual Studio Solution File, Format Version 12.00
# Visual Studio 15
VisualStudioVersion = 15.0.28307.902
MinimumVisualStudioVersion = 10.0.40219.1
Project("{2150E333-8FDC-42A3-9474-1A3956D46DE8}") = "Dollmart.Database", "Dollmart.Database", "{F18F0062-EBBC-41BC-BC4B-0C1FD7E186A6}"
EndProject
Project("{00D1A9C2-B5F0-4AF3-8072-F6C62B433612}") = "Dollmart.Source.Database", "Dollmart.Source.Database\Dollmart.Source.Database.sqlproj", "{1B58E491-A86D-4E38-A32F-EFBABD768BA6}"
EndProject
Project("{2150E333-8FDC-42A3-9474-1A3956D46DE8}") = "Docs", "Docs", "{54FE8F6B-BEB2-46F4-AE77-8D8A63C30036}"
	ProjectSection(SolutionItems) = preProject
		Docs\source-to-target-mapping.xlsx = Docs\source-to-target-mapping.xlsx
	EndProjectSection
EndProject
Project("{00D1A9C2-B5F0-4AF3-8072-F6C62B433612}") = "Dollmart.Target.Database", "Dollmart.Target.Database\Dollmart.Target.Database.sqlproj", "{5C399F69-8D7E-489D-A2BA-DA62A56047AD}"
EndProject
Project("{2150E333-8FDC-42A3-9474-1A3956D46DE8}") = "ETL System", "ETL System", "{370FE193-16D8-498A-BB54-8548BE00035E}"
EndProject
Project("{159641D6-6404-4A2A-AE62-294DE0FE8301}") = "Dollmart.IntegrationServices", "Dollmart.IntegrationServices\Dollmart.IntegrationServices.dtproj", "{76CB948B-17D1-4FDF-8CB1-8781BAE7064A}"
EndProject
Project("{2150E333-8FDC-42A3-9474-1A3956D46DE8}") = "resources", "resources", "{1F668562-52C5-4CF8-A736-C6BD5E41C138}"
	ProjectSection(SolutionItems) = preProject
		Dollmart.IntegrationServices\resources\dimDate_data.xlsx = Dollmart.IntegrationServices\resources\dimDate_data.xlsx
	EndProjectSection
EndProject
Global
	GlobalSection(SolutionConfigurationPlatforms) = preSolution
		Debug|Any CPU = Debug|Any CPU
		Development|Any CPU = Development|Any CPU
		Release|Any CPU = Release|Any CPU
	EndGlobalSection
	GlobalSection(ProjectConfigurationPlatforms) = postSolution
		{1B58E491-A86D-4E38-A32F-EFBABD768BA6}.Debug|Any CPU.ActiveCfg = Debug|Any CPU
		{1B58E491-A86D-4E38-A32F-EFBABD768BA6}.Debug|Any CPU.Build.0 = Debug|Any CPU
		{1B58E491-A86D-4E38-A32F-EFBABD768BA6}.Debug|Any CPU.Deploy.0 = Debug|Any CPU
		{1B58E491-A86D-4E38-A32F-EFBABD768BA6}.Development|Any CPU.ActiveCfg = Debug|Any CPU
		{1B58E491-A86D-4E38-A32F-EFBABD768BA6}.Development|Any CPU.Build.0 = Debug|Any CPU
		{1B58E491-A86D-4E38-A32F-EFBABD768BA6}.Development|Any CPU.Deploy.0 = Debug|Any CPU
		{1B58E491-A86D-4E38-A32F-EFBABD768BA6}.Release|Any CPU.ActiveCfg = Release|Any CPU
		{1B58E491-A86D-4E38-A32F-EFBABD768BA6}.Release|Any CPU.Build.0 = Release|Any CPU
		{1B58E491-A86D-4E38-A32F-EFBABD768BA6}.Release|Any CPU.Deploy.0 = Release|Any CPU
		{5C399F69-8D7E-489D-A2BA-DA62A56047AD}.Debug|Any CPU.ActiveCfg = Debug|Any CPU
		{5C399F69-8D7E-489D-A2BA-DA62A56047AD}.Debug|Any CPU.Build.0 = Debug|Any CPU
		{5C399F69-8D7E-489D-A2BA-DA62A56047AD}.Debug|Any CPU.Deploy.0 = Debug|Any CPU
		{5C399F69-8D7E-489D-A2BA-DA62A56047AD}.Development|Any CPU.ActiveCfg = Debug|Any CPU
		{5C399F69-8D7E-489D-A2BA-DA62A56047AD}.Development|Any CPU.Build.0 = Debug|Any CPU
		{5C399F69-8D7E-489D-A2BA-DA62A56047AD}.Development|Any CPU.Deploy.0 = Debug|Any CPU
		{5C399F69-8D7E-489D-A2BA-DA62A56047AD}.Release|Any CPU.ActiveCfg = Release|Any CPU
		{5C399F69-8D7E-489D-A2BA-DA62A56047AD}.Release|Any CPU.Build.0 = Release|Any CPU
		{5C399F69-8D7E-489D-A2BA-DA62A56047AD}.Release|Any CPU.Deploy.0 = Release|Any CPU
		{76CB948B-17D1-4FDF-8CB1-8781BAE7064A}.Debug|Any CPU.ActiveCfg = Development
		{76CB948B-17D1-4FDF-8CB1-8781BAE7064A}.Debug|Any CPU.Build.0 = Development
		{76CB948B-17D1-4FDF-8CB1-8781BAE7064A}.Development|Any CPU.ActiveCfg = Development
		{76CB948B-17D1-4FDF-8CB1-8781BAE7064A}.Development|Any CPU.Build.0 = Development
		{76CB948B-17D1-4FDF-8CB1-8781BAE7064A}.Release|Any CPU.ActiveCfg = Development
		{76CB948B-17D1-4FDF-8CB1-8781BAE7064A}.Release|Any CPU.Build.0 = Development
	EndGlobalSection
	GlobalSection(SolutionProperties) = preSolution
		HideSolutionNode = FALSE
	EndGlobalSection
	GlobalSection(NestedProjects) = preSolution
		{1B58E491-A86D-4E38-A32F-EFBABD768BA6} = {F18F0062-EBBC-41BC-BC4B-0C1FD7E186A6}
		{5C399F69-8D7E-489D-A2BA-DA62A56047AD} = {F18F0062-EBBC-41BC-BC4B-0C1FD7E186A6}
		{76CB948B-17D1-4FDF-8CB1-8781BAE7064A} = {370FE193-16D8-498A-BB54-8548BE00035E}
		{1F668562-52C5-4CF8-A736-C6BD5E41C138} = {370FE193-16D8-498A-BB54-8548BE00035E}
	EndGlobalSection
	GlobalSection(ExtensibilityGlobals) = postSolution
		SolutionGuid = {CA1A9BE2-D7B2-4E45-BD5E-ACDE6C40A1BA}
	EndGlobalSection
EndGlobal
